
Microsoft Visual Studio Solution File, Format Version 12.00
Project("{FAE04EC0-301F-11D3-BF4B-00C04F79EFBC}") = "UserService.Api", "UserService.Api\UserService.Api.csproj", "{38A90CBC-269B-4C1B-9977-960A69A07AD2}"
EndProject
Project("{FAE04EC0-301F-11D3-BF4B-00C04F79EFBC}") = "UserService.Data", "UserService.Data\UserService.Data.csproj", "{1766B180-B94F-4BA1-936B-ECCAF6B16A45}"
EndProject
Project("{FAE04EC0-301F-11D3-BF4B-00C04F79EFBC}") = "UserService.Model", "UserService.Model\UserService.Model.csproj", "{D3710CD5-253E-46CF-8861-65D7AE85173E}"
EndProject
Global
	GlobalSection(SolutionConfigurationPlatforms) = preSolution
		Debug|Any CPU = Debug|Any CPU
		Release|Any CPU = Release|Any CPU
	EndGlobalSection
	GlobalSection(ProjectConfigurationPlatforms) = postSolution
		{38A90CBC-269B-4C1B-9977-960A69A07AD2}.Debug|Any CPU.ActiveCfg = Debug|Any CPU
		{38A90CBC-269B-4C1B-9977-960A69A07AD2}.Debug|Any CPU.Build.0 = Debug|Any CPU
		{38A90CBC-269B-4C1B-9977-960A69A07AD2}.Release|Any CPU.ActiveCfg = Release|Any CPU
		{38A90CBC-269B-4C1B-9977-960A69A07AD2}.Release|Any CPU.Build.0 = Release|Any CPU
		{1766B180-B94F-4BA1-936B-ECCAF6B16A45}.Debug|Any CPU.ActiveCfg = Debug|Any CPU
		{1766B180-B94F-4BA1-936B-ECCAF6B16A45}.Debug|Any CPU.Build.0 = Debug|Any CPU
		{1766B180-B94F-4BA1-936B-ECCAF6B16A45}.Release|Any CPU.ActiveCfg = Release|Any CPU
		{1766B180-B94F-4BA1-936B-ECCAF6B16A45}.Release|Any CPU.Build.0 = Release|Any CPU
		{D3710CD5-253E-46CF-8861-65D7AE85173E}.Debug|Any CPU.ActiveCfg = Debug|Any CPU
		{D3710CD5-253E-46CF-8861-65D7AE85173E}.Debug|Any CPU.Build.0 = Debug|Any CPU
		{D3710CD5-253E-46CF-8861-65D7AE85173E}.Release|Any CPU.ActiveCfg = Release|Any CPU
		{D3710CD5-253E-46CF-8861-65D7AE85173E}.Release|Any CPU.Build.0 = Release|Any CPU
	EndGlobalSection
EndGlobal
